
Microsoft Visual Studio Solution File, Format Version 12.00
# Visual Studio Version 17
VisualStudioVersion = 17.8.34330.188
MinimumVisualStudioVersion = 10.0.40219.1
Project("{FAE04EC0-301F-11D3-BF4B-00C04F79EFBC}") = "AdvanceUI", "AdvanceUI\AdvanceUI.csproj", "{F93B43A0-D6DC-4886-AE60-1EC83718E346}"
EndProject
Global
	GlobalSection(SolutionConfigurationPlatforms) = preSolution
		Debug|Any CPU = Debug|Any CPU
		Release|Any CPU = Release|Any CPU
	EndGlobalSection
	GlobalSection(ProjectConfigurationPlatforms) = postSolution
		{F93B43A0-D6DC-4886-AE60-1EC83718E346}.Debug|Any CPU.ActiveCfg = Debug|Any CPU
		{F93B43A0-D6DC-4886-AE60-1EC83718E346}.Debug|Any CPU.Build.0 = Debug|Any CPU
		{F93B43A0-D6DC-4886-AE60-1EC83718E346}.Release|Any CPU.ActiveCfg = Release|Any CPU
		{F93B43A0-D6DC-4886-AE60-1EC83718E346}.Release|Any CPU.Build.0 = Release|Any CPU
	EndGlobalSection
	GlobalSection(SolutionProperties) = preSolution
		HideSolutionNode = FALSE
	EndGlobalSection
	GlobalSection(ExtensibilityGlobals) = postSolution
		SolutionGuid = {275D4E90-CAE5-4BC3-9F83-57D249766B45}
	EndGlobalSection
EndGlobal
